
Microsoft Visual Studio Solution File, Format Version 12.00
# Visual Studio 15
VisualStudioVersion = 15.0.28307.757
MinimumVisualStudioVersion = 10.0.40219.1
Project("{2150E333-8FDC-42A3-9474-1A3956D46DE8}") = "src", "src", "{16DFB0DA-32EE-45C7-A035-E0B5DF7C7610}"
EndProject
Project("{2150E333-8FDC-42A3-9474-1A3956D46DE8}") = "_Service", "_Service", "{B0BE917F-6EEA-4AB4-8040-E0267458847B}"
EndProject
Project("{2150E333-8FDC-42A3-9474-1A3956D46DE8}") = "Application", "Application", "{4F73C608-AD90-4560-925E-C15ADF1E2D92}"
EndProject
Project("{2150E333-8FDC-42A3-9474-1A3956D46DE8}") = "Core", "Core", "{416DA33A-59DE-46E7-8285-4868FB5016E4}"
EndProject
Project("{2150E333-8FDC-42A3-9474-1A3956D46DE8}") = "CrossCutting", "CrossCutting", "{B2A79310-C7FF-4ECA-8741-EC16E6043D02}"
EndProject
Project("{2150E333-8FDC-42A3-9474-1A3956D46DE8}") = "Infrastructure", "Infrastructure", "{802432A9-29AB-4CFB-801E-E77543350AC7}"
EndProject
Project("{FAE04EC0-301F-11D3-BF4B-00C04F79EFBC}") = "EngineETL.API", "EngineETL.API\EngineETL.API.csproj", "{48C3AB0E-7C89-41CC-B5B5-6679470CDD7F}"
EndProject
Project("{FAE04EC0-301F-11D3-BF4B-00C04F79EFBC}") = "EngineETL.Core.Domain", "EngineETL.Core.Domain\EngineETL.Core.Domain.csproj", "{4A713B00-6332-4DAA-8070-E6BA12247874}"
EndProject
Project("{FAE04EC0-301F-11D3-BF4B-00C04F79EFBC}") = "EngineETL.Core.Domain.Common", "EngineETL.Core.Domain.Common\EngineETL.Core.Domain.Common.csproj", "{C01D40E0-79EB-4E2D-8395-5DBDD64B8DA6}"
EndProject
Project("{FAE04EC0-301F-11D3-BF4B-00C04F79EFBC}") = "EngineETL.Infrastructure.Data", "EngineETL.Infrastructure.Data\EngineETL.Infrastructure.Data.csproj", "{97CF85DF-7BAD-4E20-BEAD-507F279CF1B0}"
EndProject
Global
	GlobalSection(SolutionConfigurationPlatforms) = preSolution
		Debug|Any CPU = Debug|Any CPU
		Release|Any CPU = Release|Any CPU
	EndGlobalSection
	GlobalSection(ProjectConfigurationPlatforms) = postSolution
		{48C3AB0E-7C89-41CC-B5B5-6679470CDD7F}.Debug|Any CPU.ActiveCfg = Debug|Any CPU
		{48C3AB0E-7C89-41CC-B5B5-6679470CDD7F}.Debug|Any CPU.Build.0 = Debug|Any CPU
		{48C3AB0E-7C89-41CC-B5B5-6679470CDD7F}.Release|Any CPU.ActiveCfg = Release|Any CPU
		{48C3AB0E-7C89-41CC-B5B5-6679470CDD7F}.Release|Any CPU.Build.0 = Release|Any CPU
		{4A713B00-6332-4DAA-8070-E6BA12247874}.Debug|Any CPU.ActiveCfg = Debug|Any CPU
		{4A713B00-6332-4DAA-8070-E6BA12247874}.Debug|Any CPU.Build.0 = Debug|Any CPU
		{4A713B00-6332-4DAA-8070-E6BA12247874}.Release|Any CPU.ActiveCfg = Release|Any CPU
		{4A713B00-6332-4DAA-8070-E6BA12247874}.Release|Any CPU.Build.0 = Release|Any CPU
		{C01D40E0-79EB-4E2D-8395-5DBDD64B8DA6}.Debug|Any CPU.ActiveCfg = Debug|Any CPU
		{C01D40E0-79EB-4E2D-8395-5DBDD64B8DA6}.Debug|Any CPU.Build.0 = Debug|Any CPU
		{C01D40E0-79EB-4E2D-8395-5DBDD64B8DA6}.Release|Any CPU.ActiveCfg = Release|Any CPU
		{C01D40E0-79EB-4E2D-8395-5DBDD64B8DA6}.Release|Any CPU.Build.0 = Release|Any CPU
		{97CF85DF-7BAD-4E20-BEAD-507F279CF1B0}.Debug|Any CPU.ActiveCfg = Debug|Any CPU
		{97CF85DF-7BAD-4E20-BEAD-507F279CF1B0}.Debug|Any CPU.Build.0 = Debug|Any CPU
		{97CF85DF-7BAD-4E20-BEAD-507F279CF1B0}.Release|Any CPU.ActiveCfg = Release|Any CPU
		{97CF85DF-7BAD-4E20-BEAD-507F279CF1B0}.Release|Any CPU.Build.0 = Release|Any CPU
	EndGlobalSection
	GlobalSection(SolutionProperties) = preSolution
		HideSolutionNode = FALSE
	EndGlobalSection
	GlobalSection(NestedProjects) = preSolution
		{B0BE917F-6EEA-4AB4-8040-E0267458847B} = {16DFB0DA-32EE-45C7-A035-E0B5DF7C7610}
		{4F73C608-AD90-4560-925E-C15ADF1E2D92} = {16DFB0DA-32EE-45C7-A035-E0B5DF7C7610}
		{416DA33A-59DE-46E7-8285-4868FB5016E4} = {16DFB0DA-32EE-45C7-A035-E0B5DF7C7610}
		{B2A79310-C7FF-4ECA-8741-EC16E6043D02} = {16DFB0DA-32EE-45C7-A035-E0B5DF7C7610}
		{802432A9-29AB-4CFB-801E-E77543350AC7} = {16DFB0DA-32EE-45C7-A035-E0B5DF7C7610}
		{48C3AB0E-7C89-41CC-B5B5-6679470CDD7F} = {B0BE917F-6EEA-4AB4-8040-E0267458847B}
		{4A713B00-6332-4DAA-8070-E6BA12247874} = {416DA33A-59DE-46E7-8285-4868FB5016E4}
		{C01D40E0-79EB-4E2D-8395-5DBDD64B8DA6} = {416DA33A-59DE-46E7-8285-4868FB5016E4}
		{97CF85DF-7BAD-4E20-BEAD-507F279CF1B0} = {802432A9-29AB-4CFB-801E-E77543350AC7}
	EndGlobalSection
	GlobalSection(ExtensibilityGlobals) = postSolution
		SolutionGuid = {4300C923-1EC0-46EB-92B4-CA1B7A353FFB}
	EndGlobalSection
EndGlobal
